{
  "name": "fileUpload",
  "lockfileVersion": 2,
  "requires": true,
  "packages": {
    "": {
      "dependencies": {
        "server-http": "github:rex-suresh/server-http"
      }
    },
    "node_modules/server-http": {
      "version": "1.0.0",
      "resolved": "git+ssh://git@github.com/rex-suresh/server-http.git#c0aad3de3d08850599c12a0606705299af0d2a0b",
      "license": "ISC"
    }
  },
  "dependencies": {
    "server-http": {
      "version": "git+ssh://git@github.com/rex-suresh/server-http.git#c0aad3de3d08850599c12a0606705299af0d2a0b",
      "from": "server-http@https://github.com/rex-suresh/server-http"
    }
  }
}
